
Microsoft Visual Studio Solution File, Format Version 12.00
# Visual Studio 14
VisualStudioVersion = 14.0.24720.0
MinimumVisualStudioVersion = 10.0.40219.1
Project("{FAE04EC0-301F-11D3-BF4B-00C04F79EFBC}") = "PeopleSearch", "PeopleSearch\PeopleSearch.csproj", "{D472E602-5EC4-4E89-8006-BCD5A196F1EF}"
EndProject
Project("{FAE04EC0-301F-11D3-BF4B-00C04F79EFBC}") = "PeopleSearchTests", "PeopleSearchTests\PeopleSearchTests.csproj", "{8B99C507-5656-4DF0-BB8D-7BE04B4A4F76}"
EndProject
Global
	GlobalSection(SolutionConfigurationPlatforms) = preSolution
		Debug|Any CPU = Debug|Any CPU
		Release|Any CPU = Release|Any CPU
	EndGlobalSection
	GlobalSection(ProjectConfigurationPlatforms) = postSolution
		{D472E602-5EC4-4E89-8006-BCD5A196F1EF}.Debug|Any CPU.ActiveCfg = Debug|Any CPU
		{D472E602-5EC4-4E89-8006-BCD5A196F1EF}.Debug|Any CPU.Build.0 = Debug|Any CPU
		{D472E602-5EC4-4E89-8006-BCD5A196F1EF}.Release|Any CPU.ActiveCfg = Release|Any CPU
		{D472E602-5EC4-4E89-8006-BCD5A196F1EF}.Release|Any CPU.Build.0 = Release|Any CPU
		{8B99C507-5656-4DF0-BB8D-7BE04B4A4F76}.Debug|Any CPU.ActiveCfg = Debug|Any CPU
		{8B99C507-5656-4DF0-BB8D-7BE04B4A4F76}.Debug|Any CPU.Build.0 = Debug|Any CPU
		{8B99C507-5656-4DF0-BB8D-7BE04B4A4F76}.Release|Any CPU.ActiveCfg = Release|Any CPU
		{8B99C507-5656-4DF0-BB8D-7BE04B4A4F76}.Release|Any CPU.Build.0 = Release|Any CPU
	EndGlobalSection
	GlobalSection(SolutionProperties) = preSolution
		HideSolutionNode = FALSE
	EndGlobalSection
EndGlobal
